
Microsoft Visual Studio Solution File, Format Version 12.00
# Visual Studio Version 16
VisualStudioVersion = 16.0.31702.278
MinimumVisualStudioVersion = 10.0.40219.1
Project("{FAE04EC0-301F-11D3-BF4B-00C04F79EFBC}") = "ShipManagement", "ShipManagement\ShipManagement.csproj", "{13A570ED-6AAB-4BD7-9E94-5BB9A2874D99}"
EndProject
Project("{9A19103F-16F7-4668-BE54-9A1E7A4F7556}") = "AuthorizationService", "..\..\..\..\source\repos\EventBookingAPI\AuthorizationService\AuthorizationService.csproj", "{8A144B7F-A27A-4D2D-A20A-610871C23B47}"
EndProject
Project("{9A19103F-16F7-4668-BE54-9A1E7A4F7556}") = "Persistence", "..\..\..\..\source\repos\EventBookingAPI\Persistence\Persistence.csproj", "{9E72E797-C106-4079-BBDC-38941DF64247}"
EndProject
Project("{9A19103F-16F7-4668-BE54-9A1E7A4F7556}") = "CoreModel", "..\..\..\..\source\repos\EventBookingAPI\CoreModel\CoreModel.csproj", "{68EA906C-AF58-44B2-B635-E1B59771CF5A}"
EndProject
Project("{9A19103F-16F7-4668-BE54-9A1E7A4F7556}") = "Service", "..\..\..\..\source\repos\EventBookingAPI\Service\Service.csproj", "{985A988C-B0FE-4EB8-9FA0-B313AA389600}"
EndProject
Global
	GlobalSection(SolutionConfigurationPlatforms) = preSolution
		Debug|Any CPU = Debug|Any CPU
		Release|Any CPU = Release|Any CPU
	EndGlobalSection
	GlobalSection(ProjectConfigurationPlatforms) = postSolution
		{13A570ED-6AAB-4BD7-9E94-5BB9A2874D99}.Debug|Any CPU.ActiveCfg = Debug|Any CPU
		{13A570ED-6AAB-4BD7-9E94-5BB9A2874D99}.Debug|Any CPU.Build.0 = Debug|Any CPU
		{13A570ED-6AAB-4BD7-9E94-5BB9A2874D99}.Release|Any CPU.ActiveCfg = Release|Any CPU
		{13A570ED-6AAB-4BD7-9E94-5BB9A2874D99}.Release|Any CPU.Build.0 = Release|Any CPU
		{8A144B7F-A27A-4D2D-A20A-610871C23B47}.Debug|Any CPU.ActiveCfg = Debug|Any CPU
		{8A144B7F-A27A-4D2D-A20A-610871C23B47}.Debug|Any CPU.Build.0 = Debug|Any CPU
		{8A144B7F-A27A-4D2D-A20A-610871C23B47}.Release|Any CPU.ActiveCfg = Release|Any CPU
		{8A144B7F-A27A-4D2D-A20A-610871C23B47}.Release|Any CPU.Build.0 = Release|Any CPU
		{9E72E797-C106-4079-BBDC-38941DF64247}.Debug|Any CPU.ActiveCfg = Debug|Any CPU
		{9E72E797-C106-4079-BBDC-38941DF64247}.Debug|Any CPU.Build.0 = Debug|Any CPU
		{9E72E797-C106-4079-BBDC-38941DF64247}.Release|Any CPU.ActiveCfg = Release|Any CPU
		{9E72E797-C106-4079-BBDC-38941DF64247}.Release|Any CPU.Build.0 = Release|Any CPU
		{68EA906C-AF58-44B2-B635-E1B59771CF5A}.Debug|Any CPU.ActiveCfg = Debug|Any CPU
		{68EA906C-AF58-44B2-B635-E1B59771CF5A}.Debug|Any CPU.Build.0 = Debug|Any CPU
		{68EA906C-AF58-44B2-B635-E1B59771CF5A}.Release|Any CPU.ActiveCfg = Release|Any CPU
		{68EA906C-AF58-44B2-B635-E1B59771CF5A}.Release|Any CPU.Build.0 = Release|Any CPU
		{985A988C-B0FE-4EB8-9FA0-B313AA389600}.Debug|Any CPU.ActiveCfg = Debug|Any CPU
		{985A988C-B0FE-4EB8-9FA0-B313AA389600}.Debug|Any CPU.Build.0 = Debug|Any CPU
		{985A988C-B0FE-4EB8-9FA0-B313AA389600}.Release|Any CPU.ActiveCfg = Release|Any CPU
		{985A988C-B0FE-4EB8-9FA0-B313AA389600}.Release|Any CPU.Build.0 = Release|Any CPU
	EndGlobalSection
	GlobalSection(SolutionProperties) = preSolution
		HideSolutionNode = FALSE
	EndGlobalSection
	GlobalSection(ExtensibilityGlobals) = postSolution
		SolutionGuid = {9EE64DCD-B840-4BEB-A5AB-0E00CE51BFF4}
	EndGlobalSection
EndGlobal
